
Microsoft Visual Studio Solution File, Format Version 12.00
# Visual Studio Version 16
VisualStudioVersion = 16.0.31313.79
MinimumVisualStudioVersion = 10.0.40219.1
Project("{FAE04EC0-301F-11D3-BF4B-00C04F79EFBC}") = "Notes.Android", "Notes\Notes.Android\Notes.Android.csproj", "{9B4C7878-C337-484F-AD5C-F46FABD38E83}"
EndProject
Project("{FAE04EC0-301F-11D3-BF4B-00C04F79EFBC}") = "Notes.iOS", "Notes\Notes.iOS\Notes.iOS.csproj", "{2E8FF9C0-451B-4011-AE65-0DDB4EC19513}"
EndProject
Project("{FAE04EC0-301F-11D3-BF4B-00C04F79EFBC}") = "Notes", "Notes\Notes\Notes.csproj", "{92E6EA3F-57AC-45D5-B87C-CED2C9B4BFA3}"
EndProject
Global
	GlobalSection(SolutionConfigurationPlatforms) = preSolution
		Debug|Any CPU = Debug|Any CPU
		Debug|iPhone = Debug|iPhone
		Debug|iPhoneSimulator = Debug|iPhoneSimulator
		Release|Any CPU = Release|Any CPU
		Release|iPhone = Release|iPhone
		Release|iPhoneSimulator = Release|iPhoneSimulator
	EndGlobalSection
	GlobalSection(ProjectConfigurationPlatforms) = postSolution
		{9B4C7878-C337-484F-AD5C-F46FABD38E83}.Debug|Any CPU.ActiveCfg = Debug|Any CPU
		{9B4C7878-C337-484F-AD5C-F46FABD38E83}.Debug|Any CPU.Build.0 = Debug|Any CPU
		{9B4C7878-C337-484F-AD5C-F46FABD38E83}.Debug|Any CPU.Deploy.0 = Debug|Any CPU
		{9B4C7878-C337-484F-AD5C-F46FABD38E83}.Debug|iPhone.ActiveCfg = Debug|Any CPU
		{9B4C7878-C337-484F-AD5C-F46FABD38E83}.Debug|iPhone.Build.0 = Debug|Any CPU
		{9B4C7878-C337-484F-AD5C-F46FABD38E83}.Debug|iPhone.Deploy.0 = Debug|Any CPU
		{9B4C7878-C337-484F-AD5C-F46FABD38E83}.Debug|iPhoneSimulator.ActiveCfg = Debug|Any CPU
		{9B4C7878-C337-484F-AD5C-F46FABD38E83}.Debug|iPhoneSimulator.Build.0 = Debug|Any CPU
		{9B4C7878-C337-484F-AD5C-F46FABD38E83}.Debug|iPhoneSimulator.Deploy.0 = Debug|Any CPU
		{9B4C7878-C337-484F-AD5C-F46FABD38E83}.Release|Any CPU.ActiveCfg = Release|Any CPU
		{9B4C7878-C337-484F-AD5C-F46FABD38E83}.Release|Any CPU.Build.0 = Release|Any CPU
		{9B4C7878-C337-484F-AD5C-F46FABD38E83}.Release|Any CPU.Deploy.0 = Release|Any CPU
		{9B4C7878-C337-484F-AD5C-F46FABD38E83}.Release|iPhone.ActiveCfg = Release|Any CPU
		{9B4C7878-C337-484F-AD5C-F46FABD38E83}.Release|iPhone.Build.0 = Release|Any CPU
		{9B4C7878-C337-484F-AD5C-F46FABD38E83}.Release|iPhone.Deploy.0 = Release|Any CPU
		{9B4C7878-C337-484F-AD5C-F46FABD38E83}.Release|iPhoneSimulator.ActiveCfg = Release|Any CPU
		{9B4C7878-C337-484F-AD5C-F46FABD38E83}.Release|iPhoneSimulator.Build.0 = Release|Any CPU
		{9B4C7878-C337-484F-AD5C-F46FABD38E83}.Release|iPhoneSimulator.Deploy.0 = Release|Any CPU
		{2E8FF9C0-451B-4011-AE65-0DDB4EC19513}.Debug|Any CPU.ActiveCfg = Debug|iPhone
		{2E8FF9C0-451B-4011-AE65-0DDB4EC19513}.Debug|Any CPU.Build.0 = Debug|iPhone
		{2E8FF9C0-451B-4011-AE65-0DDB4EC19513}.Debug|Any CPU.Deploy.0 = Debug|iPhone
		{2E8FF9C0-451B-4011-AE65-0DDB4EC19513}.Debug|iPhone.ActiveCfg = Debug|iPhone
		{2E8FF9C0-451B-4011-AE65-0DDB4EC19513}.Debug|iPhone.Build.0 = Debug|iPhone
		{2E8FF9C0-451B-4011-AE65-0DDB4EC19513}.Debug|iPhone.Deploy.0 = Debug|iPhone
		{2E8FF9C0-451B-4011-AE65-0DDB4EC19513}.Debug|iPhoneSimulator.ActiveCfg = Debug|iPhoneSimulator
		{2E8FF9C0-451B-4011-AE65-0DDB4EC19513}.Debug|iPhoneSimulator.Build.0 = Debug|iPhoneSimulator
		{2E8FF9C0-451B-4011-AE65-0DDB4EC19513}.Debug|iPhoneSimulator.Deploy.0 = Debug|iPhoneSimulator
		{2E8FF9C0-451B-4011-AE65-0DDB4EC19513}.Release|Any CPU.ActiveCfg = Release|iPhoneSimulator
		{2E8FF9C0-451B-4011-AE65-0DDB4EC19513}.Release|Any CPU.Build.0 = Release|iPhoneSimulator
		{2E8FF9C0-451B-4011-AE65-0DDB4EC19513}.Release|Any CPU.Deploy.0 = Release|iPhoneSimulator
		{2E8FF9C0-451B-4011-AE65-0DDB4EC19513}.Release|iPhone.ActiveCfg = Release|iPhone
		{2E8FF9C0-451B-4011-AE65-0DDB4EC19513}.Release|iPhone.Build.0 = Release|iPhone
		{2E8FF9C0-451B-4011-AE65-0DDB4EC19513}.Release|iPhone.Deploy.0 = Release|iPhone
		{2E8FF9C0-451B-4011-AE65-0DDB4EC19513}.Release|iPhoneSimulator.ActiveCfg = Release|iPhoneSimulator
		{2E8FF9C0-451B-4011-AE65-0DDB4EC19513}.Release|iPhoneSimulator.Build.0 = Release|iPhoneSimulator
		{2E8FF9C0-451B-4011-AE65-0DDB4EC19513}.Release|iPhoneSimulator.Deploy.0 = Release|iPhoneSimulator
		{92E6EA3F-57AC-45D5-B87C-CED2C9B4BFA3}.Debug|Any CPU.ActiveCfg = Debug|Any CPU
		{92E6EA3F-57AC-45D5-B87C-CED2C9B4BFA3}.Debug|Any CPU.Build.0 = Debug|Any CPU
		{92E6EA3F-57AC-45D5-B87C-CED2C9B4BFA3}.Debug|Any CPU.Deploy.0 = Debug|Any CPU
		{92E6EA3F-57AC-45D5-B87C-CED2C9B4BFA3}.Debug|iPhone.ActiveCfg = Debug|Any CPU
		{92E6EA3F-57AC-45D5-B87C-CED2C9B4BFA3}.Debug|iPhone.Build.0 = Debug|Any CPU
		{92E6EA3F-57AC-45D5-B87C-CED2C9B4BFA3}.Debug|iPhone.Deploy.0 = Debug|Any CPU
		{92E6EA3F-57AC-45D5-B87C-CED2C9B4BFA3}.Debug|iPhoneSimulator.ActiveCfg = Debug|Any CPU
		{92E6EA3F-57AC-45D5-B87C-CED2C9B4BFA3}.Debug|iPhoneSimulator.Build.0 = Debug|Any CPU
		{92E6EA3F-57AC-45D5-B87C-CED2C9B4BFA3}.Debug|iPhoneSimulator.Deploy.0 = Debug|Any CPU
		{92E6EA3F-57AC-45D5-B87C-CED2C9B4BFA3}.Release|Any CPU.ActiveCfg = Release|Any CPU
		{92E6EA3F-57AC-45D5-B87C-CED2C9B4BFA3}.Release|Any CPU.Build.0 = Release|Any CPU
		{92E6EA3F-57AC-45D5-B87C-CED2C9B4BFA3}.Release|Any CPU.Deploy.0 = Release|Any CPU
		{92E6EA3F-57AC-45D5-B87C-CED2C9B4BFA3}.Release|iPhone.ActiveCfg = Release|Any CPU
		{92E6EA3F-57AC-45D5-B87C-CED2C9B4BFA3}.Release|iPhone.Build.0 = Release|Any CPU
		{92E6EA3F-57AC-45D5-B87C-CED2C9B4BFA3}.Release|iPhone.Deploy.0 = Release|Any CPU
		{92E6EA3F-57AC-45D5-B87C-CED2C9B4BFA3}.Release|iPhoneSimulator.ActiveCfg = Release|Any CPU
		{92E6EA3F-57AC-45D5-B87C-CED2C9B4BFA3}.Release|iPhoneSimulator.Build.0 = Release|Any CPU
		{92E6EA3F-57AC-45D5-B87C-CED2C9B4BFA3}.Release|iPhoneSimulator.Deploy.0 = Release|Any CPU
	EndGlobalSection
	GlobalSection(SolutionProperties) = preSolution
		HideSolutionNode = FALSE
	EndGlobalSection
	GlobalSection(ExtensibilityGlobals) = postSolution
		SolutionGuid = {E59E1E41-DCFD-44E7-A61A-DE1FC1C57B10}
	EndGlobalSection
EndGlobal
